Microsoft Visual Studio Solution File, Format Version 12.00
# Visual Studio 15
VisualStudioVersion = 15.0.26403.7
MinimumVisualStudioVersion = 15.0.26124.0
Project("{FAE04EC0-301F-11D3-BF4B-00C04F79EFBC}") = "AspNetCoreWebApplication", "AspNetCoreWebApplication\AspNetCoreWebApplication.csproj", "{7952D967-5E04-40FC-95D4-E87C3A66F150}"
EndProject
Project("{FAE04EC0-301F-11D3-BF4B-00C04F79EFBC}") = "AspNetCoreWebApplicationTest", "AspNetCoreWebApplicationTest\AspNetCoreWebApplicationTest.csproj", "{326B2DBC-CDF5-4581-99A7-8C1A9F41E5AC}"
EndProject
Global
	GlobalSection(SolutionConfigurationPlatforms) = preSolution
		Debug|Any CPU = Debug|Any CPU
		Release|Any CPU = Release|Any CPU
	EndGlobalSection
	GlobalSection(ProjectConfigurationPlatforms) = postSolution
		{7952D967-5E04-40FC-95D4-E87C3A66F150}.Debug|Any CPU.ActiveCfg = Debug|Any CPU
		{7952D967-5E04-40FC-95D4-E87C3A66F150}.Debug|Any CPU.Build.0 = Debug|Any CPU
		{7952D967-5E04-40FC-95D4-E87C3A66F150}.Release|Any CPU.ActiveCfg = Release|Any CPU
		{7952D967-5E04-40FC-95D4-E87C3A66F150}.Release|Any CPU.Build.0 = Release|Any CPU
		{326B2DBC-CDF5-4581-99A7-8C1A9F41E5AC}.Debug|Any CPU.ActiveCfg = Debug|Any CPU
		{326B2DBC-CDF5-4581-99A7-8C1A9F41E5AC}.Debug|Any CPU.Build.0 = Debug|Any CPU
		{326B2DBC-CDF5-4581-99A7-8C1A9F41E5AC}.Release|Any CPU.ActiveCfg = Release|Any CPU
		{326B2DBC-CDF5-4581-99A7-8C1A9F41E5AC}.Release|Any CPU.Build.0 = Release|Any CPU
	EndGlobalSection
	GlobalSection(SolutionProperties) = preSolution
		HideSolutionNode = FALSE
	EndGlobalSection
EndGlobal
