
Microsoft Visual Studio Solution File, Format Version 12.00
# Visual Studio Version 16
VisualStudioVersion = 16.0.30503.244
MinimumVisualStudioVersion = 10.0.40219.1
Project("{FAE04EC0-301F-11D3-BF4B-00C04F79EFBC}") = "sampleHelloWeb", "sampleHelloWeb.csproj", "{C198657C-7CD4-4F8A-BC17-39707C6EAFBF}"
EndProject
Global
	GlobalSection(SolutionConfigurationPlatforms) = preSolution
		Debug|Any CPU = Debug|Any CPU
		Release|Any CPU = Release|Any CPU
	EndGlobalSection
	GlobalSection(ProjectConfigurationPlatforms) = postSolution
		{C198657C-7CD4-4F8A-BC17-39707C6EAFBF}.Debug|Any CPU.ActiveCfg = Debug|Any CPU
		{C198657C-7CD4-4F8A-BC17-39707C6EAFBF}.Debug|Any CPU.Build.0 = Debug|Any CPU
		{C198657C-7CD4-4F8A-BC17-39707C6EAFBF}.Release|Any CPU.ActiveCfg = Release|Any CPU
		{C198657C-7CD4-4F8A-BC17-39707C6EAFBF}.Release|Any CPU.Build.0 = Release|Any CPU
	EndGlobalSection
	GlobalSection(SolutionProperties) = preSolution
		HideSolutionNode = FALSE
	EndGlobalSection
	GlobalSection(ExtensibilityGlobals) = postSolution
		SolutionGuid = {5E99DEE1-D3F9-4D4C-B1F7-EFE692FD4B2B}
	EndGlobalSection
EndGlobal
